NeoBundleLock css.vim 49d7c44e73ade0829b0648d3e17e6850ae0335df
NeoBundleLock ctrlp.vim c6d1fc5e58d689bfb104ff336aeb89d9ef1b48e2
NeoBundleLock neobundle.vim 1d67a4b1bda8af557c30af249af8504d3cf22073
NeoBundleLock scss-syntax.vim 4461789d02f81fd328afbdf27d6404b6c763c25f
NeoBundleLock unite.vim 504edce8c33207c522d6fe8f7864e0c25f25757f
NeoBundleLock vim-coffee-script b91dbe92ad794a85a03b089f384fa324ff4e0c3d
NeoBundleLock vim-javascript 25e98656f1aabcde76a98cd7a6d5251a5d55bf3a
NeoBundleLock vim-jsx eb656ed96435ccf985668ebd7bb6ceb34b736213
NeoBundleLock vim-rails 80e03f766f5f049d6bd8998bd7b25b77ddaa9a1e
NeoBundleLock vim-ruby e865f7cacf05908668ed07be2db553f4fb4d56fd
NeoBundleLock vim-slim ce2e9d8b0a8d5af8f5845906fab6ee809b180dd4
